
Microsoft Visual Studio Solution File, Format Version 12.00
# Visual Studio 2013
VisualStudioVersion = 12.0.40629.0
MinimumVisualStudioVersion = 10.0.40219.1
Project("{FAE04EC0-301F-11D3-BF4B-00C04F79EFBC}") = "ModFTP", "ModFTP\ModFTP.csproj", "{CA9B3E5F-7B43-4CE6-86AA-2A1D29896D41}"
EndProject
Global
	GlobalSection(SolutionConfigurationPlatforms) = preSolution
		Debug|Any CPU = Debug|Any CPU
		Release|Any CPU = Release|Any CPU
	EndGlobalSection
	GlobalSection(ProjectConfigurationPlatforms) = postSolution
		{CA9B3E5F-7B43-4CE6-86AA-2A1D29896D41}.Debug|Any CPU.ActiveCfg = Debug|Any CPU
		{CA9B3E5F-7B43-4CE6-86AA-2A1D29896D41}.Debug|Any CPU.Build.0 = Debug|Any CPU
		{CA9B3E5F-7B43-4CE6-86AA-2A1D29896D41}.Release|Any CPU.ActiveCfg = Release|Any CPU
		{CA9B3E5F-7B43-4CE6-86AA-2A1D29896D41}.Release|Any CPU.Build.0 = Release|Any CPU
	EndGlobalSection
	GlobalSection(SolutionProperties) = preSolution
		HideSolutionNode = FALSE
	EndGlobalSection
EndGlobal
